
Microsoft Visual Studio Solution File, Format Version 12.00
# Visual Studio Version 17
VisualStudioVersion = 17.8.34330.188
MinimumVisualStudioVersion = 10.0.40219.1
Project("{FAE04EC0-301F-11D3-BF4B-00C04F79EFBC}") = "slider.Android", "slider\slider.Android\slider.Android.csproj", "{C1249B7F-F95C-43D6-8022-9C4B3B456278}"
EndProject
Project("{FAE04EC0-301F-11D3-BF4B-00C04F79EFBC}") = "slider.iOS", "slider\slider.iOS\slider.iOS.csproj", "{9AD71785-6C46-4B16-9685-F6BE4C61B5DC}"
EndProject
Project("{FAE04EC0-301F-11D3-BF4B-00C04F79EFBC}") = "slider", "slider\slider\slider.csproj", "{6336328B-DF91-4E59-88E2-6E3E0415182F}"
EndProject
Global
	GlobalSection(SolutionConfigurationPlatforms) = preSolution
		Debug|Any CPU = Debug|Any CPU
		Debug|iPhone = Debug|iPhone
		Debug|iPhoneSimulator = Debug|iPhoneSimulator
		Release|Any CPU = Release|Any CPU
		Release|iPhone = Release|iPhone
		Release|iPhoneSimulator = Release|iPhoneSimulator
	EndGlobalSection
	GlobalSection(ProjectConfigurationPlatforms) = postSolution
		{C1249B7F-F95C-43D6-8022-9C4B3B456278}.Debug|Any CPU.ActiveCfg = Debug|Any CPU
		{C1249B7F-F95C-43D6-8022-9C4B3B456278}.Debug|Any CPU.Build.0 = Debug|Any CPU
		{C1249B7F-F95C-43D6-8022-9C4B3B456278}.Debug|Any CPU.Deploy.0 = Debug|Any CPU
		{C1249B7F-F95C-43D6-8022-9C4B3B456278}.Debug|iPhone.ActiveCfg = Debug|Any CPU
		{C1249B7F-F95C-43D6-8022-9C4B3B456278}.Debug|iPhone.Build.0 = Debug|Any CPU
		{C1249B7F-F95C-43D6-8022-9C4B3B456278}.Debug|iPhone.Deploy.0 = Debug|Any CPU
		{C1249B7F-F95C-43D6-8022-9C4B3B456278}.Debug|iPhoneSimulator.ActiveCfg = Debug|Any CPU
		{C1249B7F-F95C-43D6-8022-9C4B3B456278}.Debug|iPhoneSimulator.Build.0 = Debug|Any CPU
		{C1249B7F-F95C-43D6-8022-9C4B3B456278}.Debug|iPhoneSimulator.Deploy.0 = Debug|Any CPU
		{C1249B7F-F95C-43D6-8022-9C4B3B456278}.Release|Any CPU.ActiveCfg = Release|Any CPU
		{C1249B7F-F95C-43D6-8022-9C4B3B456278}.Release|Any CPU.Build.0 = Release|Any CPU
		{C1249B7F-F95C-43D6-8022-9C4B3B456278}.Release|Any CPU.Deploy.0 = Release|Any CPU
		{C1249B7F-F95C-43D6-8022-9C4B3B456278}.Release|iPhone.ActiveCfg = Release|Any CPU
		{C1249B7F-F95C-43D6-8022-9C4B3B456278}.Release|iPhone.Build.0 = Release|Any CPU
		{C1249B7F-F95C-43D6-8022-9C4B3B456278}.Release|iPhone.Deploy.0 = Release|Any CPU
		{C1249B7F-F95C-43D6-8022-9C4B3B456278}.Release|iPhoneSimulator.ActiveCfg = Release|Any CPU
		{C1249B7F-F95C-43D6-8022-9C4B3B456278}.Release|iPhoneSimulator.Build.0 = Release|Any CPU
		{C1249B7F-F95C-43D6-8022-9C4B3B456278}.Release|iPhoneSimulator.Deploy.0 = Release|Any CPU
		{9AD71785-6C46-4B16-9685-F6BE4C61B5DC}.Debug|Any CPU.ActiveCfg = Debug|iPhone
		{9AD71785-6C46-4B16-9685-F6BE4C61B5DC}.Debug|Any CPU.Build.0 = Debug|iPhone
		{9AD71785-6C46-4B16-9685-F6BE4C61B5DC}.Debug|Any CPU.Deploy.0 = Debug|iPhone
		{9AD71785-6C46-4B16-9685-F6BE4C61B5DC}.Debug|iPhone.ActiveCfg = Debug|iPhone
		{9AD71785-6C46-4B16-9685-F6BE4C61B5DC}.Debug|iPhone.Build.0 = Debug|iPhone
		{9AD71785-6C46-4B16-9685-F6BE4C61B5DC}.Debug|iPhone.Deploy.0 = Debug|iPhone
		{9AD71785-6C46-4B16-9685-F6BE4C61B5DC}.Debug|iPhoneSimulator.ActiveCfg = Debug|iPhoneSimulator
		{9AD71785-6C46-4B16-9685-F6BE4C61B5DC}.Debug|iPhoneSimulator.Build.0 = Debug|iPhoneSimulator
		{9AD71785-6C46-4B16-9685-F6BE4C61B5DC}.Debug|iPhoneSimulator.Deploy.0 = Debug|iPhoneSimulator
		{9AD71785-6C46-4B16-9685-F6BE4C61B5DC}.Release|Any CPU.ActiveCfg = Release|iPhoneSimulator
		{9AD71785-6C46-4B16-9685-F6BE4C61B5DC}.Release|Any CPU.Build.0 = Release|iPhoneSimulator
		{9AD71785-6C46-4B16-9685-F6BE4C61B5DC}.Release|Any CPU.Deploy.0 = Release|iPhoneSimulator
		{9AD71785-6C46-4B16-9685-F6BE4C61B5DC}.Release|iPhone.ActiveCfg = Release|iPhone
		{9AD71785-6C46-4B16-9685-F6BE4C61B5DC}.Release|iPhone.Build.0 = Release|iPhone
		{9AD71785-6C46-4B16-9685-F6BE4C61B5DC}.Release|iPhone.Deploy.0 = Release|iPhone
		{9AD71785-6C46-4B16-9685-F6BE4C61B5DC}.Release|iPhoneSimulator.ActiveCfg = Release|iPhoneSimulator
		{9AD71785-6C46-4B16-9685-F6BE4C61B5DC}.Release|iPhoneSimulator.Build.0 = Release|iPhoneSimulator
		{9AD71785-6C46-4B16-9685-F6BE4C61B5DC}.Release|iPhoneSimulator.Deploy.0 = Release|iPhoneSimulator
		{6336328B-DF91-4E59-88E2-6E3E0415182F}.Debug|Any CPU.ActiveCfg = Debug|Any CPU
		{6336328B-DF91-4E59-88E2-6E3E0415182F}.Debug|Any CPU.Build.0 = Debug|Any CPU
		{6336328B-DF91-4E59-88E2-6E3E0415182F}.Debug|Any CPU.Deploy.0 = Debug|Any CPU
		{6336328B-DF91-4E59-88E2-6E3E0415182F}.Debug|iPhone.ActiveCfg = Debug|Any CPU
		{6336328B-DF91-4E59-88E2-6E3E0415182F}.Debug|iPhone.Build.0 = Debug|Any CPU
		{6336328B-DF91-4E59-88E2-6E3E0415182F}.Debug|iPhone.Deploy.0 = Debug|Any CPU
		{6336328B-DF91-4E59-88E2-6E3E0415182F}.Debug|iPhoneSimulator.ActiveCfg = Debug|Any CPU
		{6336328B-DF91-4E59-88E2-6E3E0415182F}.Debug|iPhoneSimulator.Build.0 = Debug|Any CPU
		{6336328B-DF91-4E59-88E2-6E3E0415182F}.Debug|iPhoneSimulator.Deploy.0 = Debug|Any CPU
		{6336328B-DF91-4E59-88E2-6E3E0415182F}.Release|Any CPU.ActiveCfg = Release|Any CPU
		{6336328B-DF91-4E59-88E2-6E3E0415182F}.Release|Any CPU.Build.0 = Release|Any CPU
		{6336328B-DF91-4E59-88E2-6E3E0415182F}.Release|Any CPU.Deploy.0 = Release|Any CPU
		{6336328B-DF91-4E59-88E2-6E3E0415182F}.Release|iPhone.ActiveCfg = Release|Any CPU
		{6336328B-DF91-4E59-88E2-6E3E0415182F}.Release|iPhone.Build.0 = Release|Any CPU
		{6336328B-DF91-4E59-88E2-6E3E0415182F}.Release|iPhone.Deploy.0 = Release|Any CPU
		{6336328B-DF91-4E59-88E2-6E3E0415182F}.Release|iPhoneSimulator.ActiveCfg = Release|Any CPU
		{6336328B-DF91-4E59-88E2-6E3E0415182F}.Release|iPhoneSimulator.Build.0 = Release|Any CPU
		{6336328B-DF91-4E59-88E2-6E3E0415182F}.Release|iPhoneSimulator.Deploy.0 = Release|Any CPU
	EndGlobalSection
	GlobalSection(SolutionProperties) = preSolution
		HideSolutionNode = FALSE
	EndGlobalSection
	GlobalSection(ExtensibilityGlobals) = postSolution
		SolutionGuid = {2A3E562F-EC7B-469E-9354-D1D0B257818C}
	EndGlobalSection
EndGlobal
